// !$*UTF8*$!
{
	archiveVersion = 1;
	classes = {
	};
	objectVersion = 56;
	objects = {

/* Begin PBXBuildFile section */
		5605E7612A0EA0C60027F2D8 /* SwiftUIView.swift in Sources */ = {isa = PBXBuildFile; fileRef = 5605E7602A0EA0C60027F2D8 /* SwiftUIView.swift */; };
		5605E7632A0EA3290027F2D8 /* Media.xcassets in Resources */ = {isa = PBXBuildFile; fileRef = 5605E7622A0EA3290027F2D8 /* Media.xcassets */; };
		560EAE7F2A116F7800D8D659 /* SceneLocation.swift in Sources */ = {isa = PBXBuildFile; fileRef = 560EAE7E2A116F7800D8D659 /* SceneLocation.swift */; };
		56543D3BCCE5A71EBB0AF8C2 /* Pods_Wejha.framework in Frameworks */ = {isa = PBXBuildFile; fileRef = 17C7ACEF13A1306A51C3F17A /* Pods_Wejha.framework */; };
		565F94BA2A17F62900121125 /* FirebaseDatabase in Frameworks */ = {isa = PBXBuildFile; productRef = 565F94B92A17F62900121125 /* FirebaseDatabase */; };
		565F94BC2A17F62900121125 /* FirebaseDatabaseSwift in Frameworks */ = {isa = PBXBuildFile; productRef = 565F94BB2A17F62900121125 /* FirebaseDatabaseSwift */; };
		565F94BE2A17F62900121125 /* FirebaseFirestore in Frameworks */ = {isa = PBXBuildFile; productRef = 565F94BD2A17F62900121125 /* FirebaseFirestore */; };
		565F94C22A17F6C400121125 /* GoogleService-Info.plist in Resources */ = {isa = PBXBuildFile; fileRef = 565F94C12A17F6C400121125 /* GoogleService-Info.plist */; };
		565F94C62A1A240500121125 /* PlaceSearch.swift in Sources */ = {isa = PBXBuildFile; fileRef = 565F94C52A1A240400121125 /* PlaceSearch.swift */; };
		565F94C92A1A99DD00121125 /* CompineAR+MapView.swift in Sources */ = {isa = PBXBuildFile; fileRef = 565F94C82A1A99DD00121125 /* CompineAR+MapView.swift */; };
		565F94CD2A1A9A4000121125 /* CompineAR_MapModelView.swift in Sources */ = {isa = PBXBuildFile; fileRef = 565F94CC2A1A9A4000121125 /* CompineAR_MapModelView.swift */; };
		567BEEBE2A10E58F00861FA3 /* MapIView.swift in Sources */ = {isa = PBXBuildFile; fileRef = 567BEEBD2A10E58F00861FA3 /* MapIView.swift */; };
		5683BE6B2A0B9682004F021E /* WejhaApp.swift in Sources */ = {isa = PBXBuildFile; fileRef = 5683BE6A2A0B9682004F021E /* WejhaApp.swift */; };
		5683BE6D2A0B9682004F021E /* ContentView.swift in Sources */ = {isa = PBXBuildFile; fileRef = 5683BE6C2A0B9682004F021E /* ContentView.swift */; };
		5683BE6F2A0B9683004F021E /* Assets.xcassets in Resources */ = {isa = PBXBuildFile; fileRef = 5683BE6E2A0B9683004F021E /* Assets.xcassets */; };
		5683BE722A0B9683004F021E /* Preview Assets.xcassets in Resources */ = {isa = PBXBuildFile; fileRef = 5683BE712A0B9683004F021E /* Preview Assets.xcassets */; };
		56E6AD6E2A1155C800006719 /* ARUIView.swift in Sources */ = {isa = PBXBuildFile; fileRef = 56E6AD6D2A1155C800006719 /* ARUIView.swift */; };
		99E625DE2A1223760075734A /* MapModelView.swift in Sources */ = {isa = PBXBuildFile; fileRef = 99E625DD2A1223760075734A /* MapModelView.swift */; };
		99F805D92A13944400C859DF /* RoutesModelView.swift in Sources */ = {isa = PBXBuildFile; fileRef = 99F805D82A13944400C859DF /* RoutesModelView.swift */; };
		D46077172A1DF66A004E78B9 /* Localizable.strings in Resources */ = {isa = PBXBuildFile; fileRef = D46077192A1DF66A004E78B9 /* Localizable.strings */; };
/* End PBXBuildFile section */

/* Begin PBXFileReference section */
		0298ED6677EC882C65D57D59 /* Pods-Wejha.release.xcconfig */ = {isa = PBXFileReference; includeInIndex = 1; lastKnownFileType = text.xcconfig; name = "Pods-Wejha.release.xcconfig"; path = "Target Support Files/Pods-Wejha/Pods-Wejha.release.xcconfig"; sourceTree = "<group>"; };
		17C7ACEF13A1306A51C3F17A /* Pods_Wejha.framework */ = {isa = PBXFileReference; explicitFileType = wrapper.framework; includeInIndex = 0; path = Pods_Wejha.framework; sourceTree = BUILT_PRODUCTS_DIR; };
		5605E7602A0EA0C60027F2D8 /* SwiftUIView.swift */ = {isa = PBXFileReference; lastKnownFileType = sourcecode.swift; path = SwiftUIView.swift; sourceTree = "<group>"; };
		5605E7622A0EA3290027F2D8 /* Media.xcassets */ = {isa = PBXFileReference; lastKnownFileType = folder.assetcatalog; path = Media.xcassets; sourceTree = "<group>"; };
		560EAE7E2A116F7800D8D659 /* SceneLocation.swift */ = {isa = PBXFileReference; lastKnownFileType = sourcecode.swift; path = SceneLocation.swift; sourceTree = "<group>"; };
		561735A62A0BA942009A7D53 /* Info.plist */ = {isa = PBXFileReference; lastKnownFileType = text.plist; path = Info.plist; sourceTree = "<group>"; };
		565F94C12A17F6C400121125 /* GoogleService-Info.plist */ = {isa = PBXFileReference; fileEncoding = 4; lastKnownFileType = text.plist.xml; path = "GoogleService-Info.plist"; sourceTree = "<group>"; };
		565F94C52A1A240400121125 /* PlaceSearch.swift */ = {isa = PBXFileReference; fileEncoding = 4; lastKnownFileType = sourcecode.swift; path = PlaceSearch.swift; sourceTree = "<group>"; };
		565F94C82A1A99DD00121125 /* CompineAR+MapView.swift */ = {isa = PBXFileReference; lastKnownFileType = sourcecode.swift; path = "CompineAR+MapView.swift"; sourceTree = "<group>"; };
		565F94CC2A1A9A4000121125 /* CompineAR_MapModelView.swift */ = {isa = PBXFileReference; lastKnownFileType = sourcecode.swift; path = CompineAR_MapModelView.swift; sourceTree = "<group>"; };
		567BEEBD2A10E58F00861FA3 /* MapIView.swift */ = {isa = PBXFileReference; lastKnownFileType = sourcecode.swift; path = MapIView.swift; sourceTree = "<group>"; };
		5683BE672A0B9682004F021E /* Wejha.app */ = {isa = PBXFileReference; explicitFileType = wrapper.application; includeInIndex = 0; path = Wejha.app; sourceTree = BUILT_PRODUCTS_DIR; };
		5683BE6A2A0B9682004F021E /* WejhaApp.swift */ = {isa = PBXFileReference; lastKnownFileType = sourcecode.swift; path = WejhaApp.swift; sourceTree = "<group>"; };
		5683BE6C2A0B9682004F021E /* ContentView.swift */ = {isa = PBXFileReference; lastKnownFileType = sourcecode.swift; path = ContentView.swift; sourceTree = "<group>"; };
		5683BE6E2A0B9683004F021E /* Assets.xcassets */ = {isa = PBXFileReference; lastKnownFileType = folder.assetcatalog; path = Assets.xcassets; sourceTree = "<group>"; };
		5683BE712A0B9683004F021E /* Preview Assets.xcassets */ = {isa = PBXFileReference; lastKnownFileType = folder.assetcatalog; path = "Preview Assets.xcassets"; sourceTree = "<group>"; };
		56E6AD6D2A1155C800006719 /* ARUIView.swift */ = {isa = PBXFileReference; lastKnownFileType = sourcecode.swift; name = ARUIView.swift; path = Wejha/AR/ARView/ARUIView.swift; sourceTree = SOURCE_ROOT; };
		902E51E6998828EDAC3D310A /* Pods-Wejha.debug.xcconfig */ = {isa = PBXFileReference; includeInIndex = 1; lastKnownFileType = text.xcconfig; name = "Pods-Wejha.debug.xcconfig"; path = "Target Support Files/Pods-Wejha/Pods-Wejha.debug.xcconfig"; sourceTree = "<group>"; };
		99E625DD2A1223760075734A /* MapModelView.swift */ = {isa = PBXFileReference; lastKnownFileType = sourcecode.swift; path = MapModelView.swift; sourceTree = "<group>"; };
		99F805D82A13944400C859DF /* RoutesModelView.swift */ = {isa = PBXFileReference; lastKnownFileType = sourcecode.swift; path = RoutesModelView.swift; sourceTree = "<group>"; };
		D46077182A1DF66A004E78B9 /* en */ = {isa = PBXFileReference; lastKnownFileType = text.plist.strings; name = en; path = en.lproj/Localizable.strings; sourceTree = "<group>"; };
		D460771A2A1DF66E004E78B9 /* ar */ = {isa = PBXFileReference; lastKnownFileType = text.plist.strings; name = ar; path = ar.lproj/Localizable.strings; sourceTree = "<group>"; };
/* End PBXFileReference section */

/* Begin PBXFrameworksBuildPhase section */
		5683BE642A0B9682004F021E /* Frameworks */ = {
			isa = PBXFrameworksBuildPhase;
			buildActionMask = 2147483647;
			files = (
				565F94BC2A17F62900121125 /* FirebaseDatabaseSwift in Frameworks */,
				565F94BE2A17F62900121125 /* FirebaseFirestore in Frameworks */,
				565F94BA2A17F62900121125 /* FirebaseDatabase in Frameworks */,
				56543D3BCCE5A71EBB0AF8C2 /* Pods_Wejha.framework in Frameworks */,
			);
			runOnlyForDeploymentPostprocessing = 0;
		};
/* End PBXFrameworksBuildPhase section */

/* Begin PBXGroup section */
		5605E7882A0F82B90027F2D8 /* MapView */ = {
			isa = PBXGroup;
			children = (
				567BEEBD2A10E58F00861FA3 /* MapIView.swift */,
			);
			path = MapView;
			sourceTree = "<group>";
		};
		5605E7892A0F82C80027F2D8 /* ModelView */ = {
			isa = PBXGroup;
			children = (
				565F94C52A1A240400121125 /* PlaceSearch.swift */,
				99E625DD2A1223760075734A /* MapModelView.swift */,
				99F805D82A13944400C859DF /* RoutesModelView.swift */,
			);
			path = ModelView;
			sourceTree = "<group>";
		};
		5605E78A2A0F83230027F2D8 /* Model */ = {
			isa = PBXGroup;
			children = (
			);
			path = Model;
			sourceTree = "<group>";
		};
		5605E78B2A0F83310027F2D8 /* Map */ = {
			isa = PBXGroup;
			children = (
				5605E7892A0F82C80027F2D8 /* ModelView */,
				5605E78A2A0F83230027F2D8 /* Model */,
				5605E7882A0F82B90027F2D8 /* MapView */,
			);
			path = Map;
			sourceTree = "<group>";
		};
		5605E78C2A0F83380027F2D8 /* AR */ = {
			isa = PBXGroup;
			children = (
				5605E78F2A0F83810027F2D8 /* ARView */,
				5605E78E2A0F836A0027F2D8 /* ModelView */,
				5605E78D2A0F835A0027F2D8 /* Model */,
			);
			path = AR;
			sourceTree = "<group>";
		};
		5605E78D2A0F835A0027F2D8 /* Model */ = {
			isa = PBXGroup;
			children = (
			);
			path = Model;
			sourceTree = "<group>";
		};
		5605E78E2A0F836A0027F2D8 /* ModelView */ = {
			isa = PBXGroup;
			children = (
				560EAE7E2A116F7800D8D659 /* SceneLocation.swift */,
			);
			path = ModelView;
			sourceTree = "<group>";
		};
		5605E78F2A0F83810027F2D8 /* ARView */ = {
			isa = PBXGroup;
			children = (
				56E6AD6D2A1155C800006719 /* ARUIView.swift */,
			);
			path = ARView;
			sourceTree = "<group>";
		};
		565F94C72A1A99C200121125 /* AR+Map */ = {
			isa = PBXGroup;
			children = (
				565F94CB2A1A9A2600121125 /* View */,
				565F94CA2A1A9A1C00121125 /* ModelView */,
			);
			path = "AR+Map";
			sourceTree = "<group>";
		};
		565F94CA2A1A9A1C00121125 /* ModelView */ = {
			isa = PBXGroup;
			children = (
				565F94CC2A1A9A4000121125 /* CompineAR_MapModelView.swift */,
			);
			path = ModelView;
			sourceTree = "<group>";
		};
		565F94CB2A1A9A2600121125 /* View */ = {
			isa = PBXGroup;
			children = (
				565F94C82A1A99DD00121125 /* CompineAR+MapView.swift */,
			);
			path = View;
			sourceTree = "<group>";
		};
		5683BE5E2A0B9682004F021E = {
			isa = PBXGroup;
			children = (
				D46077192A1DF66A004E78B9 /* Localizable.strings */,
				5683BE692A0B9682004F021E /* Wejha */,
				5683BE682A0B9682004F021E /* Products */,
				5FA314352D501CA9831AFA9A /* Pods */,
				995DFFE14A46817A0AE1ABF4 /* Frameworks */,
			);
			sourceTree = "<group>";
		};
		5683BE682A0B9682004F021E /* Products */ = {
			isa = PBXGroup;
			children = (
				5683BE672A0B9682004F021E /* Wejha.app */,
			);
			name = Products;
			sourceTree = "<group>";
		};
		5683BE692A0B9682004F021E /* Wejha */ = {
			isa = PBXGroup;
			children = (
				565F94C72A1A99C200121125 /* AR+Map */,
				565F94C12A17F6C400121125 /* GoogleService-Info.plist */,
				5683BE6A2A0B9682004F021E /* WejhaApp.swift */,
				5605E78C2A0F83380027F2D8 /* AR */,
				5605E78B2A0F83310027F2D8 /* Map */,
				561735A62A0BA942009A7D53 /* Info.plist */,
				5683BE6C2A0B9682004F021E /* ContentView.swift */,
				5683BE6E2A0B9683004F021E /* Assets.xcassets */,
				5683BE702A0B9683004F021E /* Preview Content */,
				5605E7602A0EA0C60027F2D8 /* SwiftUIView.swift */,
				5605E7622A0EA3290027F2D8 /* Media.xcassets */,
			);
			path = Wejha;
			sourceTree = "<group>";
		};
		5683BE702A0B9683004F021E /* Preview Content */ = {
			isa = PBXGroup;
			children = (
				5683BE712A0B9683004F021E /* Preview Assets.xcassets */,
			);
			path = "Preview Content";
			sourceTree = "<group>";
		};
		5FA314352D501CA9831AFA9A /* Pods */ = {
			isa = PBXGroup;
			children = (
				902E51E6998828EDAC3D310A /* Pods-Wejha.debug.xcconfig */,
				0298ED6677EC882C65D57D59 /* Pods-Wejha.release.xcconfig */,
			);
			path = Pods;
			sourceTree = "<group>";
		};
		995DFFE14A46817A0AE1ABF4 /* Frameworks */ = {
			isa = PBXGroup;
			children = (
				17C7ACEF13A1306A51C3F17A /* Pods_Wejha.framework */,
			);
			name = Frameworks;
			sourceTree = "<group>";
		};
/* End PBXGroup section */

/* Begin PBXNativeTarget section */
		5683BE662A0B9682004F021E /* Wejha */ = {
			isa = PBXNativeTarget;
			buildConfigurationList = 5683BE752A0B9683004F021E /* Build configuration list for PBXNativeTarget "Wejha" */;
			buildPhases = (
				7A06F45020E0A3C9BC0DB2B8 /* [CP] Check Pods Manifest.lock */,
				5683BE632A0B9682004F021E /* Sources */,
				5683BE642A0B9682004F021E /* Frameworks */,
				5683BE652A0B9682004F021E /* Resources */,
				680518E2BA9B116D725A42A5 /* [CP] Embed Pods Frameworks */,
				20B3BD83609D04830340FD50 /* [CP] Copy Pods Resources */,
			);
			buildRules = (
			);
			dependencies = (
			);
			name = Wejha;
			packageProductDependencies = (
				565F94B92A17F62900121125 /* FirebaseDatabase */,
				565F94BB2A17F62900121125 /* FirebaseDatabaseSwift */,
				565F94BD2A17F62900121125 /* FirebaseFirestore */,
			);
			productName = Wejha;
			productReference = 5683BE672A0B9682004F021E /* Wejha.app */;
			productType = "com.apple.product-type.application";
		};
/* End PBXNativeTarget section */

/* Begin PBXProject section */
		5683BE5F2A0B9682004F021E /* Project object */ = {
			isa = PBXProject;
			attributes = {
				BuildIndependentTargetsInParallel = 1;
				LastSwiftUpdateCheck = 1430;
				LastUpgradeCheck = 1430;
				TargetAttributes = {
					5683BE662A0B9682004F021E = {
						CreatedOnToolsVersion = 14.3;
					};
				};
			};
			buildConfigurationList = 5683BE622A0B9682004F021E /* Build configuration list for PBXProject "Wejha" */;
			compatibilityVersion = "Xcode 14.0";
			developmentRegion = en;
			hasScannedForEncodings = 0;
			knownRegions = (
				en,
				Base,
				ar,
			);
			mainGroup = 5683BE5E2A0B9682004F021E;
			packageReferences = (
				565F94B82A17F62900121125 /* XCRemoteSwiftPackageReference "firebase-ios-sdk" */,
			);
			productRefGroup = 5683BE682A0B9682004F021E /* Products */;
			projectDirPath = "";
			projectRoot = "";
			targets = (
				5683BE662A0B9682004F021E /* Wejha */,
			);
		};
/* End PBXProject section */

/* Begin PBXResourcesBuildPhase section */
		5683BE652A0B9682004F021E /* Resources */ = {
			isa = PBXResourcesBuildPhase;
			buildActionMask = 2147483647;
			files = (
				D46077172A1DF66A004E78B9 /* Localizable.strings in Resources */,
				5683BE722A0B9683004F021E /* Preview Assets.xcassets in Resources */,
				565F94C22A17F6C400121125 /* GoogleService-Info.plist in Resources */,
				5605E7632A0EA3290027F2D8 /* Media.xcassets in Resources */,
				5683BE6F2A0B9683004F021E /* Assets.xcassets in Resources */,
			);
			runOnlyForDeploymentPostprocessing = 0;
		};
/* End PBXResourcesBuildPhase section */

/* Begin PBXShellScriptBuildPhase section */
		20B3BD83609D04830340FD50 /* [CP] Copy Pods Resources */ = {
			isa = PBXShellScriptBuildPhase;
			buildActionMask = 2147483647;
			files = (
			);
			inputFileListPaths = (
				"${PODS_ROOT}/Target Support Files/Pods-Wejha/Pods-Wejha-resources-${CONFIGURATION}-input-files.xcfilelist",
			);
			name = "[CP] Copy Pods Resources";
			outputFileListPaths = (
				"${PODS_ROOT}/Target Support Files/Pods-Wejha/Pods-Wejha-resources-${CONFIGURATION}-output-files.xcfilelist",
			);
			runOnlyForDeploymentPostprocessing = 0;
			shellPath = /bin/sh;
			shellScript = "\"${PODS_ROOT}/Target Support Files/Pods-Wejha/Pods-Wejha-resources.sh\"\n";
			showEnvVarsInLog = 0;
		};
		680518E2BA9B116D725A42A5 /* [CP] Embed Pods Frameworks */ = {
			isa = PBXShellScriptBuildPhase;
			buildActionMask = 2147483647;
			files = (
			);
			inputFileListPaths = (
				"${PODS_ROOT}/Target Support Files/Pods-Wejha/Pods-Wejha-frameworks-${CONFIGURATION}-input-files.xcfilelist",
			);
			name = "[CP] Embed Pods Frameworks";
			outputFileListPaths = (
				"${PODS_ROOT}/Target Support Files/Pods-Wejha/Pods-Wejha-frameworks-${CONFIGURATION}-output-files.xcfilelist",
			);
			runOnlyForDeploymentPostprocessing = 0;
			shellPath = /bin/sh;
			shellScript = "\"${PODS_ROOT}/Target Support Files/Pods-Wejha/Pods-Wejha-frameworks.sh\"\n";
			showEnvVarsInLog = 0;
		};
		7A06F45020E0A3C9BC0DB2B8 /* [CP] Check Pods Manifest.lock */ = {
			isa = PBXShellScriptBuildPhase;
			buildActionMask = 2147483647;
			files = (
			);
			inputFileListPaths = (
			);
			inputPaths = (
				"${PODS_PODFILE_DIR_PATH}/Podfile.lock",
				"${PODS_ROOT}/Manifest.lock",
			);
			name = "[CP] Check Pods Manifest.lock";
			outputFileListPaths = (
			);
			outputPaths = (
				"$(DERIVED_FILE_DIR)/Pods-Wejha-checkManifestLockResult.txt",
			);
			runOnlyForDeploymentPostprocessing = 0;
			shellPath = /bin/sh;
			shellScript = "diff \"${PODS_PODFILE_DIR_PATH}/Podfile.lock\" \"${PODS_ROOT}/Manifest.lock\" > /dev/null\nif [ $? != 0 ] ; then\n    # print error to STDERR\n    echo \"error: The sandbox is not in sync with the Podfile.lock. Run 'pod install' or update your CocoaPods installation.\" >&2\n    exit 1\nfi\n# This output is used by Xcode 'outputs' to avoid re-running this script phase.\necho \"SUCCESS\" > \"${SCRIPT_OUTPUT_FILE_0}\"\n";
			showEnvVarsInLog = 0;
		};
/* End PBXShellScriptBuildPhase section */

/* Begin PBXSourcesBuildPhase section */
		5683BE632A0B9682004F021E /* Sources */ = {
			isa = PBXSourcesBuildPhase;
			buildActionMask = 2147483647;
			files = (
				5683BE6D2A0B9682004F021E /* ContentView.swift in Sources */,
				560EAE7F2A116F7800D8D659 /* SceneLocation.swift in Sources */,
				5683BE6B2A0B9682004F021E /* WejhaApp.swift in Sources */,
				565F94C92A1A99DD00121125 /* CompineAR+MapView.swift in Sources */,
				5605E7612A0EA0C60027F2D8 /* SwiftUIView.swift in Sources */,
				99F805D92A13944400C859DF /* RoutesModelView.swift in Sources */,
				99E625DE2A1223760075734A /* MapModelView.swift in Sources */,
				565F94C62A1A240500121125 /* PlaceSearch.swift in Sources */,
				56E6AD6E2A1155C800006719 /* ARUIView.swift in Sources */,
				565F94CD2A1A9A4000121125 /* CompineAR_MapModelView.swift in Sources */,
				567BEEBE2A10E58F00861FA3 /* MapIView.swift in Sources */,
			);
			runOnlyForDeploymentPostprocessing = 0;
		};
/* End PBXSourcesBuildPhase section */

/* Begin PBXVariantGroup section */
		D46077192A1DF66A004E78B9 /* Localizable.strings */ = {
			isa = PBXVariantGroup;
			children = (
				D46077182A1DF66A004E78B9 /* en */,
				D460771A2A1DF66E004E78B9 /* ar */,
			);
			name = Localizable.strings;
			sourceTree = "<group>";
		};
/* End PBXVariantGroup section */

/* Begin XCBuildConfiguration section */
		5683BE732A0B9683004F021E /* Debug */ = {
			isa = XCBuildConfiguration;
			buildSettings = {
				ALWAYS_SEARCH_USER_PATHS = NO;
				CLANG_ANALYZER_NONNULL = YES;
				CLANG_ANALYZER_NUMBER_OBJECT_CONVERSION = YES_AGGRESSIVE;
				CLANG_CXX_LANGUAGE_STANDARD = "gnu++20";
				CLANG_ENABLE_MODULES = YES;
				CLANG_ENABLE_OBJC_ARC = YES;
				CLANG_ENABLE_OBJC_WEAK = YES;
				CLANG_WARN_BLOCK_CAPTURE_AUTORELEASING = YES;
				CLANG_WARN_BOOL_CONVERSION = YES;
				CLANG_WARN_COMMA = YES;
				CLANG_WARN_CONSTANT_CONVERSION = YES;
				CLANG_WARN_DEPRECATED_OBJC_IMPLEMENTATIONS = YES;
				CLANG_WARN_DIRECT_OBJC_ISA_USAGE = YES_ERROR;
				CLANG_WARN_DOCUMENTATION_COMMENTS = YES;
				CLANG_WARN_EMPTY_BODY = YES;
				CLANG_WARN_ENUM_CONVERSION = YES;
				CLANG_WARN_INFINITE_RECURSION = YES;
				CLANG_WARN_INT_CONVERSION = YES;
				CLANG_WARN_NON_LITERAL_NULL_CONVERSION = YES;
				CLANG_WARN_OBJC_IMPLICIT_RETAIN_SELF = YES;
				CLANG_WARN_OBJC_LITERAL_CONVERSION = YES;
				CLANG_WARN_OBJC_ROOT_CLASS = YES_ERROR;
				CLANG_WARN_QUOTED_INCLUDE_IN_FRAMEWORK_HEADER = YES;
				CLANG_WARN_RANGE_LOOP_ANALYSIS = YES;
				CLANG_WARN_STRICT_PROTOTYPES = YES;
				CLANG_WARN_SUSPICIOUS_MOVE = YES;
				CLANG_WARN_UNGUARDED_AVAILABILITY = YES_AGGRESSIVE;
				CLANG_WARN_UNREACHABLE_CODE = YES;
				CLANG_WARN__DUPLICATE_METHOD_MATCH = YES;
				COPY_PHASE_STRIP = NO;
				DEBUG_INFORMATION_FORMAT = dwarf;
				ENABLE_STRICT_OBJC_MSGSEND = YES;
				ENABLE_TESTABILITY = YES;
				GCC_C_LANGUAGE_STANDARD = gnu11;
				GCC_DYNAMIC_NO_PIC = NO;
				GCC_NO_COMMON_BLOCKS = YES;
				GCC_OPTIMIZATION_LEVEL = 0;
				GCC_PREPROCESSOR_DEFINITIONS = (
					"DEBUG=1",
					"$(inherited)",
				);
				GCC_WARN_64_TO_32_BIT_CONVERSION = YES;
				GCC_WARN_ABOUT_RETURN_TYPE = YES_ERROR;
				GCC_WARN_UNDECLARED_SELECTOR = YES;
				GCC_WARN_UNINITIALIZED_AUTOS = YES_AGGRESSIVE;
				GCC_WARN_UNUSED_FUNCTION = YES;
				GCC_WARN_UNUSED_VARIABLE = YES;
				IPHONEOS_DEPLOYMENT_TARGET = 16.4;
				MTL_ENABLE_DEBUG_INFO = INCLUDE_SOURCE;
				MTL_FAST_MATH = YES;
				ONLY_ACTIVE_ARCH = YES;
				SDKROOT = iphoneos;
				SWIFT_ACTIVE_COMPILATION_CONDITIONS = DEBUG;
				SWIFT_OPTIMIZATION_LEVEL = "-Onone";
			};
			name = Debug;
		};
		5683BE742A0B9683004F021E /* Release */ = {
			isa = XCBuildConfiguration;
			buildSettings = {
				ALWAYS_SEARCH_USER_PATHS = NO;
				CLANG_ANALYZER_NONNULL = YES;
				CLANG_ANALYZER_NUMBER_OBJECT_CONVERSION = YES_AGGRESSIVE;
				CLANG_CXX_LANGUAGE_STANDARD = "gnu++20";
				CLANG_ENABLE_MODULES = YES;
				CLANG_ENABLE_OBJC_ARC = YES;
				CLANG_ENABLE_OBJC_WEAK = YES;
				CLANG_WARN_BLOCK_CAPTURE_AUTORELEASING = YES;
				CLANG_WARN_BOOL_CONVERSION = YES;
				CLANG_WARN_COMMA = YES;
				CLANG_WARN_CONSTANT_CONVERSION = YES;
				CLANG_WARN_DEPRECATED_OBJC_IMPLEMENTATIONS = YES;
				CLANG_WARN_DIRECT_OBJC_ISA_USAGE = YES_ERROR;
				CLANG_WARN_DOCUMENTATION_COMMENTS = YES;
				CLANG_WARN_EMPTY_BODY = YES;
				CLANG_WARN_ENUM_CONVERSION = YES;
				CLANG_WARN_INFINITE_RECURSION = YES;
				CLANG_WARN_INT_CONVERSION = YES;
				CLANG_WARN_NON_LITERAL_NULL_CONVERSION = YES;
				CLANG_WARN_OBJC_IMPLICIT_RETAIN_SELF = YES;
				CLANG_WARN_OBJC_LITERAL_CONVERSION = YES;
				CLANG_WARN_OBJC_ROOT_CLASS = YES_ERROR;
				CLANG_WARN_QUOTED_INCLUDE_IN_FRAMEWORK_HEADER = YES;
				CLANG_WARN_RANGE_LOOP_ANALYSIS = YES;
				CLANG_WARN_STRICT_PROTOTYPES = YES;
				CLANG_WARN_SUSPICIOUS_MOVE = YES;
				CLANG_WARN_UNGUARDED_AVAILABILITY = YES_AGGRESSIVE;
				CLANG_WARN_UNREACHABLE_CODE = YES;
				CLANG_WARN__DUPLICATE_METHOD_MATCH = YES;
				COPY_PHASE_STRIP = NO;
				DEBUG_INFORMATION_FORMAT = "dwarf-with-dsym";
				ENABLE_NS_ASSERTIONS = NO;
				ENABLE_STRICT_OBJC_MSGSEND = YES;
				GCC_C_LANGUAGE_STANDARD = gnu11;
				GCC_NO_COMMON_BLOCKS = YES;
				GCC_WARN_64_TO_32_BIT_CONVERSION = YES;
				GCC_WARN_ABOUT_RETURN_TYPE = YES_ERROR;
				GCC_WARN_UNDECLARED_SELECTOR = YES;
				GCC_WARN_UNINITIALIZED_AUTOS = YES_AGGRESSIVE;
				GCC_WARN_UNUSED_FUNCTION = YES;
				GCC_WARN_UNUSED_VARIABLE = YES;
				IPHONEOS_DEPLOYMENT_TARGET = 16.4;
				MTL_ENABLE_DEBUG_INFO = NO;
				MTL_FAST_MATH = YES;
				SDKROOT = iphoneos;
				SWIFT_COMPILATION_MODE = wholemodule;
				SWIFT_OPTIMIZATION_LEVEL = "-O";
				VALIDATE_PRODUCT = YES;
			};
			name = Release;
		};
		5683BE762A0B9683004F021E /* Debug */ = {
			isa = XCBuildConfiguration;
			baseConfigurationReference = 902E51E6998828EDAC3D310A /* Pods-Wejha.debug.xcconfig */;
			buildSettings = {
				ASSETCATALOG_COMPILER_APPICON_NAME = AppIcon;
				ASSETCATALOG_COMPILER_GLOBAL_ACCENT_COLOR_NAME = AccentColor;
				CODE_SIGN_STYLE = Automatic;
				CURRENT_PROJECT_VERSION = 1;
				DEVELOPMENT_ASSET_PATHS = "\"Wejha/Preview Content\"";
				DEVELOPMENT_TEAM = 44QNX63HR6;
				ENABLE_PREVIEWS = YES;
				GENERATE_INFOPLIST_FILE = YES;
				INFOPLIST_FILE = Wejha/Info.plist;
				INFOPLIST_KEY_CFBundleDisplayName = "";
				INFOPLIST_KEY_LSApplicationCategoryType = "";
				INFOPLIST_KEY_NSCameraUsageDescription = location;
				INFOPLIST_KEY_NSLocationAlwaysAndWhenInUseUsageDescription = location;
				INFOPLIST_KEY_NSLocationUsageDescription = location;
				INFOPLIST_KEY_NSLocationWhenInUseUsageDescription = location;
				INFOPLIST_KEY_UIApplicationSceneManifest_Generation = YES;
				INFOPLIST_KEY_UIApplicationSupportsIndirectInputEvents = YES;
				INFOPLIST_KEY_UILaunchScreen_Generation = YES;
				INFOPLIST_KEY_UISupportedInterfaceOrientations_iPad = "UIInterfaceOrientationPortrait UIInterfaceOrientationPortraitUpsideDown UIInterfaceOrientationLandscapeLeft UIInterfaceOrientationLandscapeRight";
				INFOPLIST_KEY_UISupportedInterfaceOrientations_iPhone = "UIInterfaceOrientationPortrait UIInterfaceOrientationLandscapeLeft UIInterfaceOrientationLandscapeRight";
				LD_RUNPATH_SEARCH_PATHS = (
					"$(inherited)",
					"@executable_path/Frameworks",
				);
				MARKETING_VERSION = 1.0;
				PRODUCT_BUNDLE_IDENTIFIER = me.sara.Wejha;
				PRODUCT_NAME = "$(TARGET_NAME)";
				SUPPORTED_PLATFORMS = "iphoneos iphonesimulator";
				SUPPORTS_MACCATALYST = NO;
				SUPPORTS_MAC_DESIGNED_FOR_IPHONE_IPAD = NO;
				SWIFT_EMIT_LOC_STRINGS = YES;
				SWIFT_VERSION = 5.0;
				TARGETED_DEVICE_FAMILY = 1;
			};
			name = Debug;
		};
		5683BE772A0B9683004F021E /* Release */ = {
			isa = XCBuildConfiguration;
			baseConfigurationReference = 0298ED6677EC882C65D57D59 /* Pods-Wejha.release.xcconfig */;
			buildSettings = {
				ASSETCATALOG_COMPILER_APPICON_NAME = AppIcon;
				ASSETCATALOG_COMPILER_GLOBAL_ACCENT_COLOR_NAME = AccentColor;
				CODE_SIGN_STYLE = Automatic;
				CURRENT_PROJECT_VERSION = 1;
				DEVELOPMENT_ASSET_PATHS = "\"Wejha/Preview Content\"";
				DEVELOPMENT_TEAM = 44QNX63HR6;
				ENABLE_PREVIEWS = YES;
				GENERATE_INFOPLIST_FILE = YES;
				INFOPLIST_FILE = Wejha/Info.plist;
				INFOPLIST_KEY_CFBundleDisplayName = "";
				INFOPLIST_KEY_LSApplicationCategoryType = "";
				INFOPLIST_KEY_NSCameraUsageDescription = location;
				INFOPLIST_KEY_NSLocationAlwaysAndWhenInUseUsageDescription = location;
				INFOPLIST_KEY_NSLocationUsageDescription = location;
				INFOPLIST_KEY_NSLocationWhenInUseUsageDescription = location;
				INFOPLIST_KEY_UIApplicationSceneManifest_Generation = YES;
				INFOPLIST_KEY_UIApplicationSupportsIndirectInputEvents = YES;
				INFOPLIST_KEY_UILaunchScreen_Generation = YES;
				INFOPLIST_KEY_UISupportedInterfaceOrientations_iPad = "UIInterfaceOrientationPortrait UIInterfaceOrientationPortraitUpsideDown UIInterfaceOrientationLandscapeLeft UIInterfaceOrientationLandscapeRight";
				INFOPLIST_KEY_UISupportedInterfaceOrientations_iPhone = "UIInterfaceOrientationPortrait UIInterfaceOrientationLandscapeLeft UIInterfaceOrientationLandscapeRight";
				LD_RUNPATH_SEARCH_PATHS = (
					"$(inherited)",
					"@executable_path/Frameworks",
				);
				MARKETING_VERSION = 1.0;
				PRODUCT_BUNDLE_IDENTIFIER = me.sara.Wejha;
				PRODUCT_NAME = "$(TARGET_NAME)";
				SUPPORTED_PLATFORMS = "iphoneos iphonesimulator";
				SUPPORTS_MACCATALYST = NO;
				SUPPORTS_MAC_DESIGNED_FOR_IPHONE_IPAD = NO;
				SWIFT_EMIT_LOC_STRINGS = YES;
				SWIFT_VERSION = 5.0;
				TARGETED_DEVICE_FAMILY = 1;
			};
			name = Release;
		};
/* End XCBuildConfiguration section */

/* Begin XCConfigurationList section */
		5683BE622A0B9682004F021E /* Build configuration list for PBXProject "Wejha" */ = {
			isa = XCConfigurationList;
			buildConfigurations = (
				5683BE732A0B9683004F021E /* Debug */,
				5683BE742A0B9683004F021E /* Release */,
			);
			defaultConfigurationIsVisible = 0;
			defaultConfigurationName = Release;
		};
		5683BE752A0B9683004F021E /* Build configuration list for PBXNativeTarget "Wejha" */ = {
			isa = XCConfigurationList;
			buildConfigurations = (
				5683BE762A0B9683004F021E /* Debug */,
				5683BE772A0B9683004F021E /* Release */,
			);
			defaultConfigurationIsVisible = 0;
			defaultConfigurationName = Release;
		};
/* End XCConfigurationList section */

/* Begin XCRemoteSwiftPackageReference section */
		565F94B82A17F62900121125 /* XCRemoteSwiftPackageReference "firebase-ios-sdk" */ = {
			isa = XCRemoteSwiftPackageReference;
			repositoryURL = "https://github.com/firebase/firebase-ios-sdk.git";
			requirement = {
				kind = upToNextMajorVersion;
				minimumVersion = 10.0.0;
			};
		};
/* End XCRemoteSwiftPackageReference section */

/* Begin XCSwiftPackageProductDependency section */
		565F94B92A17F62900121125 /* FirebaseDatabase */ = {
			isa = XCSwiftPackageProductDependency;
			package = 565F94B82A17F62900121125 /* XCRemoteSwiftPackageReference "firebase-ios-sdk" */;
			productName = FirebaseDatabase;
		};
		565F94BB2A17F62900121125 /* FirebaseDatabaseSwift */ = {
			isa = XCSwiftPackageProductDependency;
			package = 565F94B82A17F62900121125 /* XCRemoteSwiftPackageReference "firebase-ios-sdk" */;
			productName = FirebaseDatabaseSwift;
		};
		565F94BD2A17F62900121125 /* FirebaseFirestore */ = {
			isa = XCSwiftPackageProductDependency;
			package = 565F94B82A17F62900121125 /* XCRemoteSwiftPackageReference "firebase-ios-sdk" */;
			productName = FirebaseFirestore;
		};
/* End XCSwiftPackageProductDependency section */
	};
	rootObject = 5683BE5F2A0B9682004F021E /* Project object */;
}
